// !$*UTF8*$!
{
	archiveVersion = 1;
	classes = {
	};
	objectVersion = 48;
	objects = {

/* Begin PBXBuildFile section */
		677B7380212945F100E0E234 /* AppDelegate.swift in Sources */ = {isa = PBXBuildFile; fileRef = 677B737F212945F100E0E234 /* AppDelegate.swift */; };
		677B7382212945F100E0E234 /* ViewController.swift in Sources */ = {isa = PBXBuildFile; fileRef = 677B7381212945F100E0E234 /* ViewController.swift */; };
		677B7385212945F100E0E234 /* Main.storyboard in Resources */ = {isa = PBXBuildFile; fileRef = 677B7383212945F100E0E234 /* Main.storyboard */; };
		677B7387212945F100E0E234 /* Assets.xcassets in Resources */ = {isa = PBXBuildFile; fileRef = 677B7386212945F100E0E234 /* Assets.xcassets */; };
		677B738A212945F100E0E234 /* LaunchScreen.storyboard in Resources */ = {isa = PBXBuildFile; fileRef = 677B7388212945F100E0E234 /* LaunchScreen.storyboard */; };
		677B73972129464100E0E234 /* LandingPagePresenter.swift in Sources */ = {isa = PBXBuildFile; fileRef = 677B73912129464100E0E234 /* LandingPagePresenter.swift */; };
		677B73982129464100E0E234 /* LandingPageWorker.swift in Sources */ = {isa = PBXBuildFile; fileRef = 677B73922129464100E0E234 /* LandingPageWorker.swift */; };
		677B73992129464100E0E234 /* LandingPageRouter.swift in Sources */ = {isa = PBXBuildFile; fileRef = 677B73932129464100E0E234 /* LandingPageRouter.swift */; };
		677B739A2129464100E0E234 /* LandingPageModels.swift in Sources */ = {isa = PBXBuildFile; fileRef = 677B73942129464100E0E234 /* LandingPageModels.swift */; };
		677B739B2129464100E0E234 /* LandingPageViewController.swift in Sources */ = {isa = PBXBuildFile; fileRef = 677B73952129464100E0E234 /* LandingPageViewController.swift */; };
		677B739C2129464100E0E234 /* LandingPageInteractor.swift in Sources */ = {isa = PBXBuildFile; fileRef = 677B73962129464100E0E234 /* LandingPageInteractor.swift */; };
/* End PBXBuildFile section */

/* Begin PBXFileReference section */
		677B737C212945F100E0E234 /* B2BMarket.app */ = {isa = PBXFileReference; explicitFileType = wrapper.application; includeInIndex = 0; path = B2BMarket.app; sourceTree = BUILT_PRODUCTS_DIR; };
		677B737F212945F100E0E234 /* AppDelegate.swift */ = {isa = PBXFileReference; lastKnownFileType = sourcecode.swift; path = AppDelegate.swift; sourceTree = "<group>"; };
		677B7381212945F100E0E234 /* ViewController.swift */ = {isa = PBXFileReference; lastKnownFileType = sourcecode.swift; path = ViewController.swift; sourceTree = "<group>"; };
		677B7384212945F100E0E234 /* Base */ = {isa = PBXFileReference; lastKnownFileType = file.storyboard; name = Base; path = Base.lproj/Main.storyboard; sourceTree = "<group>"; };
		677B7386212945F100E0E234 /* Assets.xcassets */ = {isa = PBXFileReference; lastKnownFileType = folder.assetcatalog; path = Assets.xcassets; sourceTree = "<group>"; };
		677B7389212945F100E0E234 /* Base */ = {isa = PBXFileReference; lastKnownFileType = file.storyboard; name = Base; path = Base.lproj/LaunchScreen.storyboard; sourceTree = "<group>"; };
		677B738B212945F100E0E234 /* Info.plist */ = {isa = PBXFileReference; lastKnownFileType = text.plist.xml; path = Info.plist; sourceTree = "<group>"; };
		677B73912129464100E0E234 /* LandingPagePresenter.swift */ = {isa = PBXFileReference; lastKnownFileType = sourcecode.swift; path = LandingPagePresenter.swift; sourceTree = "<group>"; };
		677B73922129464100E0E234 /* LandingPageWorker.swift */ = {isa = PBXFileReference; lastKnownFileType = sourcecode.swift; path = LandingPageWorker.swift; sourceTree = "<group>"; };
		677B73932129464100E0E234 /* LandingPageRouter.swift */ = {isa = PBXFileReference; lastKnownFileType = sourcecode.swift; path = LandingPageRouter.swift; sourceTree = "<group>"; };
		677B73942129464100E0E234 /* LandingPageModels.swift */ = {isa = PBXFileReference; lastKnownFileType = sourcecode.swift; path = LandingPageModels.swift; sourceTree = "<group>"; };
		677B73952129464100E0E234 /* LandingPageViewController.swift */ = {isa = PBXFileReference; lastKnownFileType = sourcecode.swift; path = LandingPageViewController.swift; sourceTree = "<group>"; };
		677B73962129464100E0E234 /* LandingPageInteractor.swift */ = {isa = PBXFileReference; lastKnownFileType = sourcecode.swift; path = LandingPageInteractor.swift; sourceTree = "<group>"; };
/* End PBXFileReference section */

/* Begin PBXFrameworksBuildPhase section */
		677B7379212945F100E0E234 /* Frameworks */ = {
			isa = PBXFrameworksBuildPhase;
			buildActionMask = 2147483647;
			files = (
			);
			runOnlyForDeploymentPostprocessing = 0;
		};
/* End PBXFrameworksBuildPhase section */

/* Begin PBXGroup section */
		677B7373212945F100E0E234 = {
			isa = PBXGroup;
			children = (
				677B737E212945F100E0E234 /* B2BMarket */,
				677B737D212945F100E0E234 /* Products */,
			);
			sourceTree = "<group>";
		};
		677B737D212945F100E0E234 /* Products */ = {
			isa = PBXGroup;
			children = (
				677B737C212945F100E0E234 /* B2BMarket.app */,
			);
			name = Products;
			sourceTree = "<group>";
		};
		677B737E212945F100E0E234 /* B2BMarket */ = {
			isa = PBXGroup;
			children = (
				677B737F212945F100E0E234 /* AppDelegate.swift */,
				677B7381212945F100E0E234 /* ViewController.swift */,
				677B7383212945F100E0E234 /* Main.storyboard */,
				677B7386212945F100E0E234 /* Assets.xcassets */,
				677B7388212945F100E0E234 /* LaunchScreen.storyboard */,
				677B738B212945F100E0E234 /* Info.plist */,
				677B739D2129464A00E0E234 /* LandingPage */,
			);
			path = B2BMarket;
			sourceTree = "<group>";
		};
		677B739D2129464A00E0E234 /* LandingPage */ = {
			isa = PBXGroup;
			children = (
				677B73912129464100E0E234 /* LandingPagePresenter.swift */,
				677B73922129464100E0E234 /* LandingPageWorker.swift */,
				677B73932129464100E0E234 /* LandingPageRouter.swift */,
				677B73942129464100E0E234 /* LandingPageModels.swift */,
				677B73952129464100E0E234 /* LandingPageViewController.swift */,
				677B73962129464100E0E234 /* LandingPageInteractor.swift */,
			);
			path = LandingPage;
			sourceTree = "<group>";
		};
/* End PBXGroup section */

/* Begin PBXNativeTarget section */
		677B737B212945F100E0E234 /* B2BMarket */ = {
			isa = PBXNativeTarget;
			buildConfigurationList = 677B738E212945F100E0E234 /* Build configuration list for PBXNativeTarget "B2BMarket" */;
			buildPhases = (
				677B7378212945F100E0E234 /* Sources */,
				677B7379212945F100E0E234 /* Frameworks */,
				677B737A212945F100E0E234 /* Resources */,
			);
			buildRules = (
			);
			dependencies = (
			);
			name = B2BMarket;
			productName = B2BMarket;
			productReference = 677B737C212945F100E0E234 /* B2BMarket.app */;
			productType = "com.apple.product-type.application";
		};
/* End PBXNativeTarget section */

/* Begin PBXProject section */
		677B7374212945F100E0E234 /* Project object */ = {
			isa = PBXProject;
			attributes = {
				LastSwiftUpdateCheck = 0920;
				LastUpgradeCheck = 0920;
				ORGANIZATIONNAME = "Firoj Shaikh";
				TargetAttributes = {
					677B737B212945F100E0E234 = {
						CreatedOnToolsVersion = 9.2;
						ProvisioningStyle = Automatic;
					};
				};
			};
			buildConfigurationList = 677B7377212945F100E0E234 /* Build configuration list for PBXProject "B2BMarket" */;
			compatibilityVersion = "Xcode 8.0";
			developmentRegion = en;
			hasScannedForEncodings = 0;
			knownRegions = (
				en,
				Base,
			);
			mainGroup = 677B7373212945F100E0E234;
			productRefGroup = 677B737D212945F100E0E234 /* Products */;
			projectDirPath = "";
			projectRoot = "";
			targets = (
				677B737B212945F100E0E234 /* B2BMarket */,
			);
		};
/* End PBXProject section */

/* Begin PBXResourcesBuildPhase section */
		677B737A212945F100E0E234 /* Resources */ = {
			isa = PBXResourcesBuildPhase;
			buildActionMask = 2147483647;
			files = (
				677B738A212945F100E0E234 /* LaunchScreen.storyboard in Resources */,
				677B7387212945F100E0E234 /* Assets.xcassets in Resources */,
				677B7385212945F100E0E234 /* Main.storyboard in Resources */,
			);
			runOnlyForDeploymentPostprocessing = 0;
		};
/* End PBXResourcesBuildPhase section */

/* Begin PBXSourcesBuildPhase section */
		677B7378212945F100E0E234 /* Sources */ = {
			isa = PBXSourcesBuildPhase;
			buildActionMask = 2147483647;
			files = (
				677B739A2129464100E0E234 /* LandingPageModels.swift in Sources */,
				677B7382212945F100E0E234 /* ViewController.swift in Sources */,
				677B739B2129464100E0E234 /* LandingPageViewController.swift in Sources */,
				677B739C2129464100E0E234 /* LandingPageInteractor.swift in Sources */,
				677B7380212945F100E0E234 /* AppDelegate.swift in Sources */,
				677B73982129464100E0E234 /* LandingPageWorker.swift in Sources */,
				677B73972129464100E0E234 /* LandingPagePresenter.swift in Sources */,
				677B73992129464100E0E234 /* LandingPageRouter.swift in Sources */,
			);
			runOnlyForDeploymentPostprocessing = 0;
		};
/* End PBXSourcesBuildPhase section */

/* Begin PBXVariantGroup section */
		677B7383212945F100E0E234 /* Main.storyboard */ = {
			isa = PBXVariantGroup;
			children = (
				677B7384212945F100E0E234 /* Base */,
			);
			name = Main.storyboard;
			sourceTree = "<group>";
		};
		677B7388212945F100E0E234 /* LaunchScreen.storyboard */ = {
			isa = PBXVariantGroup;
			children = (
				677B7389212945F100E0E234 /* Base */,
			);
			name = LaunchScreen.storyboard;
			sourceTree = "<group>";
		};
/* End PBXVariantGroup section */

/* Begin XCBuildConfiguration section */
		677B738C212945F100E0E234 /* Debug */ = {
			isa = XCBuildConfiguration;
			buildSettings = {
				ALWAYS_SEARCH_USER_PATHS = NO;
				CLANG_ANALYZER_NONNULL = YES;
				CLANG_ANALYZER_NUMBER_OBJECT_CONVERSION = YES_AGGRESSIVE;
				CLANG_CXX_LANGUAGE_STANDARD = "gnu++14";
				CLANG_CXX_LIBRARY = "libc++";
				CLANG_ENABLE_MODULES = YES;
				CLANG_ENABLE_OBJC_ARC = YES;
				CLANG_WARN_BLOCK_CAPTURE_AUTORELEASING = YES;
				CLANG_WARN_BOOL_CONVERSION = YES;
				CLANG_WARN_COMMA = YES;
				CLANG_WARN_CONSTANT_CONVERSION = YES;
				CLANG_WARN_DIRECT_OBJC_ISA_USAGE = YES_ERROR;
				CLANG_WARN_DOCUMENTATION_COMMENTS = YES;
				CLANG_WARN_EMPTY_BODY = YES;
				CLANG_WARN_ENUM_CONVERSION = YES;
				CLANG_WARN_INFINITE_RECURSION = YES;
				CLANG_WARN_INT_CONVERSION = YES;
				CLANG_WARN_NON_LITERAL_NULL_CONVERSION = YES;
				CLANG_WARN_OBJC_LITERAL_CONVERSION = YES;
				CLANG_WARN_OBJC_ROOT_CLASS = YES_ERROR;
				CLANG_WARN_RANGE_LOOP_ANALYSIS = YES;
				CLANG_WARN_STRICT_PROTOTYPES = YES;
				CLANG_WARN_SUSPICIOUS_MOVE = YES;
				CLANG_WARN_UNGUARDED_AVAILABILITY = YES_AGGRESSIVE;
				CLANG_WARN_UNREACHABLE_CODE = YES;
				CLANG_WARN__DUPLICATE_METHOD_MATCH = YES;
				CODE_SIGN_IDENTITY = "iPhone Developer";
				COPY_PHASE_STRIP = NO;
				DEBUG_INFORMATION_FORMAT = dwarf;
				ENABLE_STRICT_OBJC_MSGSEND = YES;
				ENABLE_TESTABILITY = YES;
				GCC_C_LANGUAGE_STANDARD = gnu11;
				GCC_DYNAMIC_NO_PIC = NO;
				GCC_NO_COMMON_BLOCKS = YES;
				GCC_OPTIMIZATION_LEVEL = 0;
				GCC_PREPROCESSOR_DEFINITIONS = (
					"DEBUG=1",
					"$(inherited)",
				);
				GCC_WARN_64_TO_32_BIT_CONVERSION = YES;
				GCC_WARN_ABOUT_RETURN_TYPE = YES_ERROR;
				GCC_WARN_UNDECLARED_SELECTOR = YES;
				GCC_WARN_UNINITIALIZED_AUTOS = YES_AGGRESSIVE;
				GCC_WARN_UNUSED_FUNCTION = YES;
				GCC_WARN_UNUSED_VARIABLE = YES;
				IPHONEOS_DEPLOYMENT_TARGET = 11.2;
				MTL_ENABLE_DEBUG_INFO = YES;
				ONLY_ACTIVE_ARCH = YES;
				SDKROOT = iphoneos;
				SWIFT_ACTIVE_COMPILATION_CONDITIONS = DEBUG;
				SWIFT_OPTIMIZATION_LEVEL = "-Onone";
			};
			name = Debug;
		};
		677B738D212945F100E0E234 /* Release */ = {
			isa = XCBuildConfiguration;
			buildSettings = {
				ALWAYS_SEARCH_USER_PATHS = NO;
				CLANG_ANALYZER_NONNULL = YES;
				CLANG_ANALYZER_NUMBER_OBJECT_CONVERSION = YES_AGGRESSIVE;
				CLANG_CXX_LANGUAGE_STANDARD = "gnu++14";
				CLANG_CXX_LIBRARY = "libc++";
				CLANG_ENABLE_MODULES = YES;
				CLANG_ENABLE_OBJC_ARC = YES;
				CLANG_WARN_BLOCK_CAPTURE_AUTORELEASING = YES;
				CLANG_WARN_BOOL_CONVERSION = YES;
				CLANG_WARN_COMMA = YES;
				CLANG_WARN_CONSTANT_CONVERSION = YES;
				CLANG_WARN_DIRECT_OBJC_ISA_USAGE = YES_ERROR;
				CLANG_WARN_DOCUMENTATION_COMMENTS = YES;
				CLANG_WARN_EMPTY_BODY = YES;
				CLANG_WARN_ENUM_CONVERSION = YES;
				CLANG_WARN_INFINITE_RECURSION = YES;
				CLANG_WARN_INT_CONVERSION = YES;
				CLANG_WARN_NON_LITERAL_NULL_CONVERSION = YES;
				CLANG_WARN_OBJC_LITERAL_CONVERSION = YES;
				CLANG_WARN_OBJC_ROOT_CLASS = YES_ERROR;
				CLANG_WARN_RANGE_LOOP_ANALYSIS = YES;
				CLANG_WARN_STRICT_PROTOTYPES = YES;
				CLANG_WARN_SUSPICIOUS_MOVE = YES;
				CLANG_WARN_UNGUARDED_AVAILABILITY = YES_AGGRESSIVE;
				CLANG_WARN_UNREACHABLE_CODE = YES;
				CLANG_WARN__DUPLICATE_METHOD_MATCH = YES;
				CODE_SIGN_IDENTITY = "iPhone Developer";
				COPY_PHASE_STRIP = NO;
				DEBUG_INFORMATION_FORMAT = "dwarf-with-dsym";
				ENABLE_NS_ASSERTIONS = NO;
				ENABLE_STRICT_OBJC_MSGSEND = YES;
				GCC_C_LANGUAGE_STANDARD = gnu11;
				GCC_NO_COMMON_BLOCKS = YES;
				GCC_WARN_64_TO_32_BIT_CONVERSION = YES;
				GCC_WARN_ABOUT_RETURN_TYPE = YES_ERROR;
				GCC_WARN_UNDECLARED_SELECTOR = YES;
				GCC_WARN_UNINITIALIZED_AUTOS = YES_AGGRESSIVE;
				GCC_WARN_UNUSED_FUNCTION = YES;
				GCC_WARN_UNUSED_VARIABLE = YES;
				IPHONEOS_DEPLOYMENT_TARGET = 11.2;
				MTL_ENABLE_DEBUG_INFO = NO;
				SDKROOT = iphoneos;
				SWIFT_OPTIMIZATION_LEVEL = "-Owholemodule";
				VALIDATE_PRODUCT = YES;
			};
			name = Release;
		};
		677B738F212945F100E0E234 /* Debug */ = {
			isa = XCBuildConfiguration;
			buildSettings = {
				ASSETCATALOG_COMPILER_APPICON_NAME = AppIcon;
				CODE_SIGN_STYLE = Automatic;
				DEVELOPMENT_TEAM = 8329FB59KZ;
				INFOPLIST_FILE = B2BMarket/Info.plist;
				LD_RUNPATH_SEARCH_PATHS = "$(inherited) @executable_path/Frameworks";
				PRODUCT_BUNDLE_IDENTIFIER = "Firoj-Shaikh.B2BMarket";
				PRODUCT_NAME = "$(TARGET_NAME)";
				SWIFT_VERSION = 4.0;
				TARGETED_DEVICE_FAMILY = "1,2";
			};
			name = Debug;
		};
		677B7390212945F100E0E234 /* Release */ = {
			isa = XCBuildConfiguration;
			buildSettings = {
				ASSETCATALOG_COMPILER_APPICON_NAME = AppIcon;
				CODE_SIGN_STYLE = Automatic;
				DEVELOPMENT_TEAM = 8329FB59KZ;
				INFOPLIST_FILE = B2BMarket/Info.plist;
				LD_RUNPATH_SEARCH_PATHS = "$(inherited) @executable_path/Frameworks";
				PRODUCT_BUNDLE_IDENTIFIER = "Firoj-Shaikh.B2BMarket";
				PRODUCT_NAME = "$(TARGET_NAME)";
				SWIFT_VERSION = 4.0;
				TARGETED_DEVICE_FAMILY = "1,2";
			};
			name = Release;
		};
/* End XCBuildConfiguration section */

/* Begin XCConfigurationList section */
		677B7377212945F100E0E234 /* Build configuration list for PBXProject "B2BMarket" */ = {
			isa = XCConfigurationList;
			buildConfigurations = (
				677B738C212945F100E0E234 /* Debug */,
				677B738D212945F100E0E234 /* Release */,
			);
			defaultConfigurationIsVisible = 0;
			defaultConfigurationName = Release;
		};
		677B738E212945F100E0E234 /* Build configuration list for PBXNativeTarget "B2BMarket" */ = {
			isa = XCConfigurationList;
			buildConfigurations = (
				677B738F212945F100E0E234 /* Debug */,
				677B7390212945F100E0E234 /* Release */,
			);
			defaultConfigurationIsVisible = 0;
			defaultConfigurationName = Release;
		};
/* End XCConfigurationList section */
	};
	rootObject = 677B7374212945F100E0E234 /* Project object */;
}
